
Microsoft Visual Studio Solution File, Format Version 12.00
# Visual Studio Version 17
VisualStudioVersion = 17.3.32922.545
MinimumVisualStudioVersion = 10.0.40219.1
Project("{9A19103F-16F7-4668-BE54-9A1E7A4F7556}") = "Amusoft.Generators.System.CommandLine", "Amusoft.Generators.System.CommandLine\Amusoft.Generators.System.CommandLine.csproj", "{9F36027B-91EC-469B-B475-E922CEEB1826}"
EndProject
Project("{9A19103F-16F7-4668-BE54-9A1E7A4F7556}") = "Amusoft.Generators.System.CommandLine.UnitTests", "..\tests\Amusoft.Generators.System.CommandLine.UnitTests\Amusoft.Generators.System.CommandLine.UnitTests.csproj", "{0AD00E1F-CF10-4168-9F77-96180EC72B7C}"
EndProject
Project("{9A19103F-16F7-4668-BE54-9A1E7A4F7556}") = "Amusoft.Generators.System.CommandLine.IntegrationTests", "..\tests\Amusoft.Generators.System.CommandLine.IntegrationTests\Amusoft.Generators.System.CommandLine.IntegrationTests.csproj", "{BFE0FC33-D920-48AE-BBD7-93474A373FD7}"
EndProject
Project("{2150E333-8FDC-42A3-9474-1A3956D46DE8}") = "package", "package", "{7281E8EE-672F-4546-BE8B-6A9EB753B7DA}"
	ProjectSection(SolutionItems) = preProject
		..\.github\workflows\CI.yml = ..\.github\workflows\CI.yml
		..\README.md = ..\README.md
	EndProjectSection
EndProject
Project("{FAE04EC0-301F-11D3-BF4B-00C04F79EFBC}") = "LocalPackageTest.CLI", "..\tests\LocalPackageTest.CLI\LocalPackageTest.CLI.csproj", "{655FC1E8-1335-47F0-A94B-69C1828505D9}"
EndProject
Global
	GlobalSection(SolutionConfigurationPlatforms) = preSolution
		Debug|Any CPU = Debug|Any CPU
		Debug|x64 = Debug|x64
		Debug|x86 = Debug|x86
		Release|Any CPU = Release|Any CPU
		Release|x64 = Release|x64
		Release|x86 = Release|x86
	EndGlobalSection
	GlobalSection(ProjectConfigurationPlatforms) = postSolution
		{9F36027B-91EC-469B-B475-E922CEEB1826}.Debug|Any CPU.ActiveCfg = Debug|Any CPU
		{9F36027B-91EC-469B-B475-E922CEEB1826}.Debug|Any CPU.Build.0 = Debug|Any CPU
		{9F36027B-91EC-469B-B475-E922CEEB1826}.Debug|x64.ActiveCfg = Debug|Any CPU
		{9F36027B-91EC-469B-B475-E922CEEB1826}.Debug|x64.Build.0 = Debug|Any CPU
		{9F36027B-91EC-469B-B475-E922CEEB1826}.Debug|x86.ActiveCfg = Debug|Any CPU
		{9F36027B-91EC-469B-B475-E922CEEB1826}.Debug|x86.Build.0 = Debug|Any CPU
		{9F36027B-91EC-469B-B475-E922CEEB1826}.Release|Any CPU.ActiveCfg = Release|Any CPU
		{9F36027B-91EC-469B-B475-E922CEEB1826}.Release|Any CPU.Build.0 = Release|Any CPU
		{9F36027B-91EC-469B-B475-E922CEEB1826}.Release|x64.ActiveCfg = Release|Any CPU
		{9F36027B-91EC-469B-B475-E922CEEB1826}.Release|x64.Build.0 = Release|Any CPU
		{9F36027B-91EC-469B-B475-E922CEEB1826}.Release|x86.ActiveCfg = Release|Any CPU
		{9F36027B-91EC-469B-B475-E922CEEB1826}.Release|x86.Build.0 = Release|Any CPU
		{0AD00E1F-CF10-4168-9F77-96180EC72B7C}.Debug|Any CPU.ActiveCfg = Debug|Any CPU
		{0AD00E1F-CF10-4168-9F77-96180EC72B7C}.Debug|Any CPU.Build.0 = Debug|Any CPU
		{0AD00E1F-CF10-4168-9F77-96180EC72B7C}.Debug|x64.ActiveCfg = Debug|Any CPU
		{0AD00E1F-CF10-4168-9F77-96180EC72B7C}.Debug|x64.Build.0 = Debug|Any CPU
		{0AD00E1F-CF10-4168-9F77-96180EC72B7C}.Debug|x86.ActiveCfg = Debug|Any CPU
		{0AD00E1F-CF10-4168-9F77-96180EC72B7C}.Debug|x86.Build.0 = Debug|Any CPU
		{0AD00E1F-CF10-4168-9F77-96180EC72B7C}.Release|Any CPU.ActiveCfg = Release|Any CPU
		{0AD00E1F-CF10-4168-9F77-96180EC72B7C}.Release|Any CPU.Build.0 = Release|Any CPU
		{0AD00E1F-CF10-4168-9F77-96180EC72B7C}.Release|x64.ActiveCfg = Release|Any CPU
		{0AD00E1F-CF10-4168-9F77-96180EC72B7C}.Release|x64.Build.0 = Release|Any CPU
		{0AD00E1F-CF10-4168-9F77-96180EC72B7C}.Release|x86.ActiveCfg = Release|Any CPU
		{0AD00E1F-CF10-4168-9F77-96180EC72B7C}.Release|x86.Build.0 = Release|Any CPU
		{BFE0FC33-D920-48AE-BBD7-93474A373FD7}.Debug|Any CPU.ActiveCfg = Debug|Any CPU
		{BFE0FC33-D920-48AE-BBD7-93474A373FD7}.Debug|Any CPU.Build.0 = Debug|Any CPU
		{BFE0FC33-D920-48AE-BBD7-93474A373FD7}.Debug|x64.ActiveCfg = Debug|Any CPU
		{BFE0FC33-D920-48AE-BBD7-93474A373FD7}.Debug|x64.Build.0 = Debug|Any CPU
		{BFE0FC33-D920-48AE-BBD7-93474A373FD7}.Debug|x86.ActiveCfg = Debug|Any CPU
		{BFE0FC33-D920-48AE-BBD7-93474A373FD7}.Debug|x86.Build.0 = Debug|Any CPU
		{BFE0FC33-D920-48AE-BBD7-93474A373FD7}.Release|Any CPU.ActiveCfg = Release|Any CPU
		{BFE0FC33-D920-48AE-BBD7-93474A373FD7}.Release|Any CPU.Build.0 = Release|Any CPU
		{BFE0FC33-D920-48AE-BBD7-93474A373FD7}.Release|x64.ActiveCfg = Release|Any CPU
		{BFE0FC33-D920-48AE-BBD7-93474A373FD7}.Release|x64.Build.0 = Release|Any CPU
		{BFE0FC33-D920-48AE-BBD7-93474A373FD7}.Release|x86.ActiveCfg = Release|Any CPU
		{BFE0FC33-D920-48AE-BBD7-93474A373FD7}.Release|x86.Build.0 = Release|Any CPU
		{655FC1E8-1335-47F0-A94B-69C1828505D9}.Debug|Any CPU.ActiveCfg = Debug|Any CPU
		{655FC1E8-1335-47F0-A94B-69C1828505D9}.Debug|Any CPU.Build.0 = Debug|Any CPU
		{655FC1E8-1335-47F0-A94B-69C1828505D9}.Debug|x64.ActiveCfg = Debug|Any CPU
		{655FC1E8-1335-47F0-A94B-69C1828505D9}.Debug|x64.Build.0 = Debug|Any CPU
		{655FC1E8-1335-47F0-A94B-69C1828505D9}.Debug|x86.ActiveCfg = Debug|Any CPU
		{655FC1E8-1335-47F0-A94B-69C1828505D9}.Debug|x86.Build.0 = Debug|Any CPU
		{655FC1E8-1335-47F0-A94B-69C1828505D9}.Release|Any CPU.ActiveCfg = Release|Any CPU
		{655FC1E8-1335-47F0-A94B-69C1828505D9}.Release|Any CPU.Build.0 = Release|Any CPU
		{655FC1E8-1335-47F0-A94B-69C1828505D9}.Release|x64.ActiveCfg = Release|Any CPU
		{655FC1E8-1335-47F0-A94B-69C1828505D9}.Release|x64.Build.0 = Release|Any CPU
		{655FC1E8-1335-47F0-A94B-69C1828505D9}.Release|x86.ActiveCfg = Release|Any CPU
		{655FC1E8-1335-47F0-A94B-69C1828505D9}.Release|x86.Build.0 = Release|Any CPU
	EndGlobalSection
	GlobalSection(SolutionProperties) = preSolution
		HideSolutionNode = FALSE
	EndGlobalSection
	GlobalSection(ExtensibilityGlobals) = postSolution
		SolutionGuid = {8B59E246-DB1F-4A94-8661-5B6DDC1E564D}
	EndGlobalSection
EndGlobal
